{
  "career-ops": {"repo": "https://github.com/santifer/career-ops.git", "commit": "2b9fe7ea48b8ca98cf7f6b2b660654844c885adf"},
  "ApplyPilot": {"repo": "https://github.com/Pickle-Pixel/ApplyPilot.git", "commit": "4a8d521f67f5139811c0a910ef37410f8e6d836a"},
  "linkedin-bot": {"repo": "https://github.com/GodsScion/Auto_job_applier_linkedIn.git", "commit": "e0b2401a7a7b333eab0b518e80be5285c3ee85c5"}
}
